
Microsoft Visual Studio Solution File, Format Version 12.00
# Visual Studio Version 16
VisualStudioVersion = 16.0.29926.136
MinimumVisualStudioVersion = 10.0.40219.1
Project("{9A19103F-16F7-4668-BE54-9A1E7A4F7556}") = "TimeToGetAWatch", "TimeToGetAWatch\TimeToGetAWatch.csproj", "{702C11C6-7D21-4236-A81E-CD944B0C134C}"
EndProject
Project("{9A19103F-16F7-4668-BE54-9A1E7A4F7556}") = "ItsTestingTime", "ItsTestingTime\ItsTestingTime.csproj", "{0D640603-FF22-440D-9E2A-BDDCB88097CF}"
EndProject
Project("{2150E333-8FDC-42A3-9474-1A3956D46DE8}") = "Solution Items", "Solution Items", "{4FD051C7-D91D-40F7-B345-3AFB31BC9B63}"
	ProjectSection(SolutionItems) = preProject
		docker-compose.yml = docker-compose.yml
		README.md = README.md
	EndProjectSection
EndProject
Global
	GlobalSection(SolutionConfigurationPlatforms) = preSolution
		Debug|Any CPU = Debug|Any CPU
		Release|Any CPU = Release|Any CPU
	EndGlobalSection
	GlobalSection(ProjectConfigurationPlatforms) = postSolution
		{702C11C6-7D21-4236-A81E-CD944B0C134C}.Debug|Any CPU.ActiveCfg = Debug|Any CPU
		{702C11C6-7D21-4236-A81E-CD944B0C134C}.Debug|Any CPU.Build.0 = Debug|Any CPU
		{702C11C6-7D21-4236-A81E-CD944B0C134C}.Release|Any CPU.ActiveCfg = Release|Any CPU
		{702C11C6-7D21-4236-A81E-CD944B0C134C}.Release|Any CPU.Build.0 = Release|Any CPU
		{0D640603-FF22-440D-9E2A-BDDCB88097CF}.Debug|Any CPU.ActiveCfg = Debug|Any CPU
		{0D640603-FF22-440D-9E2A-BDDCB88097CF}.Debug|Any CPU.Build.0 = Debug|Any CPU
		{0D640603-FF22-440D-9E2A-BDDCB88097CF}.Release|Any CPU.ActiveCfg = Release|Any CPU
		{0D640603-FF22-440D-9E2A-BDDCB88097CF}.Release|Any CPU.Build.0 = Release|Any CPU
	EndGlobalSection
	GlobalSection(SolutionProperties) = preSolution
		HideSolutionNode = FALSE
	EndGlobalSection
	GlobalSection(ExtensibilityGlobals) = postSolution
		SolutionGuid = {0BB1E7D6-AEDF-4930-B6A8-7C277D843B91}
	EndGlobalSection
EndGlobal
